
Microsoft Visual Studio Solution File, Format Version 12.00
# Visual Studio Version 17
VisualStudioVersion = 17.3.32804.467
MinimumVisualStudioVersion = 10.0.40219.1
Project("{9A19103F-16F7-4668-BE54-9A1E7A4F7556}") = "OVSXmlSerializer", "OVSXmlSerializer\OVSXmlSerializer.csproj", "{70BB7073-CBCD-4E3B-BF19-53EC56E476CF}"
EndProject
Project("{9A19103F-16F7-4668-BE54-9A1E7A4F7556}") = "OVSTester", "OVSTester\OVSTester.csproj", "{FAB6F46B-3BDA-4F10-9D85-4135E0194B8C}"
EndProject
Global
	GlobalSection(SolutionConfigurationPlatforms) = preSolution
		Debug|Any CPU = Debug|Any CPU
		Release|Any CPU = Release|Any CPU
	EndGlobalSection
	GlobalSection(ProjectConfigurationPlatforms) = postSolution
		{70BB7073-CBCD-4E3B-BF19-53EC56E476CF}.Debug|Any CPU.ActiveCfg = Debug|Any CPU
		{70BB7073-CBCD-4E3B-BF19-53EC56E476CF}.Debug|Any CPU.Build.0 = Debug|Any CPU
		{70BB7073-CBCD-4E3B-BF19-53EC56E476CF}.Release|Any CPU.ActiveCfg = Release|Any CPU
		{70BB7073-CBCD-4E3B-BF19-53EC56E476CF}.Release|Any CPU.Build.0 = Release|Any CPU
		{FAB6F46B-3BDA-4F10-9D85-4135E0194B8C}.Debug|Any CPU.ActiveCfg = Debug|Any CPU
		{FAB6F46B-3BDA-4F10-9D85-4135E0194B8C}.Debug|Any CPU.Build.0 = Debug|Any CPU
		{FAB6F46B-3BDA-4F10-9D85-4135E0194B8C}.Release|Any CPU.ActiveCfg = Release|Any CPU
		{FAB6F46B-3BDA-4F10-9D85-4135E0194B8C}.Release|Any CPU.Build.0 = Release|Any CPU
	EndGlobalSection
	GlobalSection(SolutionProperties) = preSolution
		HideSolutionNode = FALSE
	EndGlobalSection
	GlobalSection(ExtensibilityGlobals) = postSolution
		SolutionGuid = {5438B97C-262B-4BB0-8F7B-C520AFF91B2F}
	EndGlobalSection
EndGlobal
