
Microsoft Visual Studio Solution File, Format Version 12.00
# Visual Studio Version 17
VisualStudioVersion = 17.3.32804.467
MinimumVisualStudioVersion = 10.0.40219.1
Project("{FAE04EC0-301F-11D3-BF4B-00C04F79EFBC}") = "OVSXmlSerializer", "OVSXmlSerializer\OVSXmlSerializer.csproj", "{70BB7073-CBCD-4E3B-BF19-53EC56E476CF}"
EndProject
Project("{FAE04EC0-301F-11D3-BF4B-00C04F79EFBC}") = "TestingTool", "TestingTool\TestingTool.csproj", "{D014517A-5512-4C17-A31C-11D5F647C73F}"
EndProject
Global
	GlobalSection(SolutionConfigurationPlatforms) = preSolution
		Debug|Any CPU = Debug|Any CPU
		Release|Any CPU = Release|Any CPU
	EndGlobalSection
	GlobalSection(ProjectConfigurationPlatforms) = postSolution
		{70BB7073-CBCD-4E3B-BF19-53EC56E476CF}.Debug|Any CPU.ActiveCfg = Debug|Any CPU
		{70BB7073-CBCD-4E3B-BF19-53EC56E476CF}.Debug|Any CPU.Build.0 = Debug|Any CPU
		{70BB7073-CBCD-4E3B-BF19-53EC56E476CF}.Release|Any CPU.ActiveCfg = Release|Any CPU
		{70BB7073-CBCD-4E3B-BF19-53EC56E476CF}.Release|Any CPU.Build.0 = Release|Any CPU
		{D014517A-5512-4C17-A31C-11D5F647C73F}.Debug|Any CPU.ActiveCfg = Debug|Any CPU
		{D014517A-5512-4C17-A31C-11D5F647C73F}.Debug|Any CPU.Build.0 = Debug|Any CPU
		{D014517A-5512-4C17-A31C-11D5F647C73F}.Release|Any CPU.ActiveCfg = Release|Any CPU
		{D014517A-5512-4C17-A31C-11D5F647C73F}.Release|Any CPU.Build.0 = Release|Any CPU
	EndGlobalSection
	GlobalSection(SolutionProperties) = preSolution
		HideSolutionNode = FALSE
	EndGlobalSection
	GlobalSection(ExtensibilityGlobals) = postSolution
		SolutionGuid = {5438B97C-262B-4BB0-8F7B-C520AFF91B2F}
	EndGlobalSection
EndGlobal
